
Microsoft Visual Studio Solution File, Format Version 11.00
# Visual Studio 2010
Project("{FAE04EC0-301F-11D3-BF4B-00C04F79EFBC}") = "Playground", "Playground\Playground.csproj", "{4F05FAA6-B1EB-4E8D-A76A-631F32EFB945}"
EndProject
Project("{FAE04EC0-301F-11D3-BF4B-00C04F79EFBC}") = "Playground.Client", "Playground.Client\Playground.Client.csproj", "{7B0B5DB1-FCE5-451D-B678-7B5E430B415F}"
EndProject
Global
	GlobalSection(SolutionConfigurationPlatforms) = preSolution
		Debug|Any CPU = Debug|Any CPU
		Debug|Mixed Platforms = Debug|Mixed Platforms
		Debug|x86 = Debug|x86
		Release|Any CPU = Release|Any CPU
		Release|Mixed Platforms = Release|Mixed Platforms
		Release|x86 = Release|x86
	EndGlobalSection
	GlobalSection(ProjectConfigurationPlatforms) = postSolution
		{4F05FAA6-B1EB-4E8D-A76A-631F32EFB945}.Debug|Any CPU.ActiveCfg = Debug|Any CPU
		{4F05FAA6-B1EB-4E8D-A76A-631F32EFB945}.Debug|Any CPU.Build.0 = Debug|Any CPU
		{4F05FAA6-B1EB-4E8D-A76A-631F32EFB945}.Debug|Mixed Platforms.ActiveCfg = Debug|Any CPU
		{4F05FAA6-B1EB-4E8D-A76A-631F32EFB945}.Debug|Mixed Platforms.Build.0 = Debug|Any CPU
		{4F05FAA6-B1EB-4E8D-A76A-631F32EFB945}.Debug|x86.ActiveCfg = Debug|Any CPU
		{4F05FAA6-B1EB-4E8D-A76A-631F32EFB945}.Release|Any CPU.ActiveCfg = Release|Any CPU
		{4F05FAA6-B1EB-4E8D-A76A-631F32EFB945}.Release|Any CPU.Build.0 = Release|Any CPU
		{4F05FAA6-B1EB-4E8D-A76A-631F32EFB945}.Release|Mixed Platforms.ActiveCfg = Release|Any CPU
		{4F05FAA6-B1EB-4E8D-A76A-631F32EFB945}.Release|Mixed Platforms.Build.0 = Release|Any CPU
		{4F05FAA6-B1EB-4E8D-A76A-631F32EFB945}.Release|x86.ActiveCfg = Release|Any CPU
		{7B0B5DB1-FCE5-451D-B678-7B5E430B415F}.Debug|Any CPU.ActiveCfg = Debug|x86
		{7B0B5DB1-FCE5-451D-B678-7B5E430B415F}.Debug|Mixed Platforms.ActiveCfg = Debug|x86
		{7B0B5DB1-FCE5-451D-B678-7B5E430B415F}.Debug|Mixed Platforms.Build.0 = Debug|x86
		{7B0B5DB1-FCE5-451D-B678-7B5E430B415F}.Debug|x86.ActiveCfg = Debug|x86
		{7B0B5DB1-FCE5-451D-B678-7B5E430B415F}.Debug|x86.Build.0 = Debug|x86
		{7B0B5DB1-FCE5-451D-B678-7B5E430B415F}.Release|Any CPU.ActiveCfg = Release|x86
		{7B0B5DB1-FCE5-451D-B678-7B5E430B415F}.Release|Any CPU.Build.0 = Release|x86
		{7B0B5DB1-FCE5-451D-B678-7B5E430B415F}.Release|Mixed Platforms.ActiveCfg = Release|x86
		{7B0B5DB1-FCE5-451D-B678-7B5E430B415F}.Release|Mixed Platforms.Build.0 = Release|x86
		{7B0B5DB1-FCE5-451D-B678-7B5E430B415F}.Release|x86.ActiveCfg = Release|x86
		{7B0B5DB1-FCE5-451D-B678-7B5E430B415F}.Release|x86.Build.0 = Release|x86
	EndGlobalSection
	GlobalSection(SolutionProperties) = preSolution
		HideSolutionNode = FALSE
	EndGlobalSection
EndGlobal
